
Microsoft Visual Studio Solution File, Format Version 12.00
# Visual Studio 15
VisualStudioVersion = 15.0.26730.16
MinimumVisualStudioVersion = 10.0.40219.1
Project("{FAE04EC0-301F-11D3-BF4B-00C04F79EFBC}") = "Casino", "Casino\Casino.csproj", "{21389BA3-2FCC-45B5-B097-366A044BD339}"
EndProject
Global
	GlobalSection(SolutionConfigurationPlatforms) = preSolution
		Debug|Any CPU = Debug|Any CPU
		Release|Any CPU = Release|Any CPU
	EndGlobalSection
	GlobalSection(ProjectConfigurationPlatforms) = postSolution
		{21389BA3-2FCC-45B5-B097-366A044BD339}.Debug|Any CPU.ActiveCfg = Debug|Any CPU
		{21389BA3-2FCC-45B5-B097-366A044BD339}.Debug|Any CPU.Build.0 = Debug|Any CPU
		{21389BA3-2FCC-45B5-B097-366A044BD339}.Release|Any CPU.ActiveCfg = Release|Any CPU
		{21389BA3-2FCC-45B5-B097-366A044BD339}.Release|Any CPU.Build.0 = Release|Any CPU
	EndGlobalSection
	GlobalSection(SolutionProperties) = preSolution
		HideSolutionNode = FALSE
	EndGlobalSection
	GlobalSection(ExtensibilityGlobals) = postSolution
		SolutionGuid = {17772A60-6C27-4B88-9963-CF19F71B3E3F}
	EndGlobalSection
EndGlobal
